Microsoft Visual Studio Solution File, Format Version 11.00
# Visual Studio 2008

Project("{B7FF120B-26E7-6FBD-7CED-ECDB3642FDAF}") = "Tanks3dWorld", "Tanks3dWorld.csproj", "{5BEF6143-CE77-1F39-7BA2-479460E591A2}"
EndProject
Global
	GlobalSection(SolutionConfigurationPlatforms) = preSolution
		Debug|Any CPU = Debug|Any CPU
		Release|Any CPU = Release|Any CPU
	EndGlobalSection
	GlobalSection(ProjectConfigurationPlatforms) = postSolution
		{5BEF6143-CE77-1F39-7BA2-479460E591A2}.Debug|Any CPU.ActiveCfg = Debug|Any CPU
		{5BEF6143-CE77-1F39-7BA2-479460E591A2}.Debug|Any CPU.Build.0 = Debug|Any CPU
		{5BEF6143-CE77-1F39-7BA2-479460E591A2}.Release|Any CPU.ActiveCfg = Release|Any CPU
		{5BEF6143-CE77-1F39-7BA2-479460E591A2}.Release|Any CPU.Build.0 = Release|Any CPU
	EndGlobalSection
	GlobalSection(SolutionProperties) = preSolution
		HideSolutionNode = FALSE
	EndGlobalSection
	
EndGlobal
