Microsoft Visual Studio Solution File, Format Version 11.00
# Visual Studio 2008

Project("{B7FF120B-26E7-6FBD-7CED-ECDB3642FDAF}") = "Tanks3dWorld", "Assembly-CSharp-vs.csproj", "{F0754D20-7B11-0AA3-4E69-52C9E3BE7C81}"
EndProject
Project("{B7FF120B-26E7-6FBD-7CED-ECDB3642FDAF}") = "Tanks3dWorld", "Assembly-CSharp-Editor-vs.csproj", "{B2714DD5-3FB4-9A41-ECC2-7C4AFB2C2D56}"
EndProject
Global
	GlobalSection(SolutionConfigurationPlatforms) = preSolution
		Debug|Any CPU = Debug|Any CPU
		Release|Any CPU = Release|Any CPU
	EndGlobalSection
	GlobalSection(ProjectConfigurationPlatforms) = postSolution
		{F0754D20-7B11-0AA3-4E69-52C9E3BE7C81}.Debug|Any CPU.ActiveCfg = Debug|Any CPU
		{F0754D20-7B11-0AA3-4E69-52C9E3BE7C81}.Debug|Any CPU.Build.0 = Debug|Any CPU
		{F0754D20-7B11-0AA3-4E69-52C9E3BE7C81}.Release|Any CPU.ActiveCfg = Release|Any CPU
		{F0754D20-7B11-0AA3-4E69-52C9E3BE7C81}.Release|Any CPU.Build.0 = Release|Any CPU
		{B2714DD5-3FB4-9A41-ECC2-7C4AFB2C2D56}.Debug|Any CPU.ActiveCfg = Debug|Any CPU
		{B2714DD5-3FB4-9A41-ECC2-7C4AFB2C2D56}.Debug|Any CPU.Build.0 = Debug|Any CPU
		{B2714DD5-3FB4-9A41-ECC2-7C4AFB2C2D56}.Release|Any CPU.ActiveCfg = Release|Any CPU
		{B2714DD5-3FB4-9A41-ECC2-7C4AFB2C2D56}.Release|Any CPU.Build.0 = Release|Any CPU
	EndGlobalSection
	GlobalSection(SolutionProperties) = preSolution
		HideSolutionNode = FALSE
	EndGlobalSection
	
EndGlobal
